
Microsoft Visual Studio Solution File, Format Version 12.00
# Visual Studio Version 16
VisualStudioVersion = 16.0.30907.101
MinimumVisualStudioVersion = 10.0.40219.1
Project("{FAE04EC0-301F-11D3-BF4B-00C04F79EFBC}") = "BHT Method", "BHT Method\BHT Method.csproj", "{EB50880C-489C-4A8F-A44A-A33B19034E55}"
EndProject
Global
	GlobalSection(SolutionConfigurationPlatforms) = preSolution
		Debug|Any CPU = Debug|Any CPU
		Release|Any CPU = Release|Any CPU
	EndGlobalSection
	GlobalSection(ProjectConfigurationPlatforms) = postSolution
		{EB50880C-489C-4A8F-A44A-A33B19034E55}.Debug|Any CPU.ActiveCfg = Debug|Any CPU
		{EB50880C-489C-4A8F-A44A-A33B19034E55}.Debug|Any CPU.Build.0 = Debug|Any CPU
		{EB50880C-489C-4A8F-A44A-A33B19034E55}.Release|Any CPU.ActiveCfg = Release|Any CPU
		{EB50880C-489C-4A8F-A44A-A33B19034E55}.Release|Any CPU.Build.0 = Release|Any CPU
	EndGlobalSection
	GlobalSection(SolutionProperties) = preSolution
		HideSolutionNode = FALSE
	EndGlobalSection
	GlobalSection(ExtensibilityGlobals) = postSolution
		SolutionGuid = {C04D0AA3-337F-41EF-8087-2278611EB78C}
	EndGlobalSection
EndGlobal
